// !$*UTF8*$!
{
	archiveVersion = 1;
	classes = {
	};
	objectVersion = 46;
	objects = {

/* Begin PBXBuildFile section */
		84E22151187E4D3200751D57 /* Foundation.framework in Frameworks */ = {isa = PBXBuildFile; fileRef = 84E22150187E4D3200751D57 /* Foundation.framework */; };
		84E22153187E4D3200751D57 /* CoreGraphics.framework in Frameworks */ = {isa = PBXBuildFile; fileRef = 84E22152187E4D3200751D57 /* CoreGraphics.framework */; };
		84E22155187E4D3200751D57 /* UIKit.framework in Frameworks */ = {isa = PBXBuildFile; fileRef = 84E22154187E4D3200751D57 /* UIKit.framework */; };
		84E2215B187E4D3200751D57 /* InfoPlist.strings in Resources */ = {isa = PBXBuildFile; fileRef = 84E22159187E4D3200751D57 /* InfoPlist.strings */; };
		84E2215D187E4D3200751D57 /* main.m in Sources */ = {isa = PBXBuildFile; fileRef = 84E2215C187E4D3200751D57 /* main.m */; };
		84E22161187E4D3200751D57 /* MyAppDelegate.m in Sources */ = {isa = PBXBuildFile; fileRef = 84E22160187E4D3200751D57 /* MyAppDelegate.m */; };
		84E22164187E4D3200751D57 /* Main.storyboard in Resources */ = {isa = PBXBuildFile; fileRef = 84E22162187E4D3200751D57 /* Main.storyboard */; };
		84E22167187E4D3200751D57 /* MyViewController.m in Sources */ = {isa = PBXBuildFile; fileRef = 84E22166187E4D3200751D57 /* MyViewController.m */; };
		84E22169187E4D3200751D57 /* Images.xcassets in Resources */ = {isa = PBXBuildFile; fileRef = 84E22168187E4D3200751D57 /* Images.xcassets */; };
		84E22170187E4D3200751D57 /* XCTest.framework in Frameworks */ = {isa = PBXBuildFile; fileRef = 84E2216F187E4D3200751D57 /* XCTest.framework */; };
		84E22171187E4D3200751D57 /* Foundation.framework in Frameworks */ = {isa = PBXBuildFile; fileRef = 84E22150187E4D3200751D57 /* Foundation.framework */; };
		84E22172187E4D3200751D57 /* UIKit.framework in Frameworks */ = {isa = PBXBuildFile; fileRef = 84E22154187E4D3200751D57 /* UIKit.framework */; };
		84E2217A187E4D3200751D57 /* InfoPlist.strings in Resources */ = {isa = PBXBuildFile; fileRef = 84E22178187E4D3200751D57 /* InfoPlist.strings */; };
		84E2217C187E4D3200751D57 /* Slider_DemoTests.m in Sources */ = {isa = PBXBuildFile; fileRef = 84E2217B187E4D3200751D57 /* Slider_DemoTests.m */; };
/* End PBXBuildFile section */

/* Begin PBXContainerItemProxy section */
		84E22173187E4D3200751D57 /* PBXContainerItemProxy */ = {
			isa = PBXContainerItemProxy;
			containerPortal = 84E22145187E4D3200751D57 /* Project object */;
			proxyType = 1;
			remoteGlobalIDString = 84E2214C187E4D3200751D57;
			remoteInfo = "Slider Demo";
		};
/* End PBXContainerItemProxy section */

/* Begin PBXFileReference section */
		84E2214D187E4D3200751D57 /* Slider Demo.app */ = {isa = PBXFileReference; explicitFileType = wrapper.application; includeInIndex = 0; path = "Slider Demo.app"; sourceTree = BUILT_PRODUCTS_DIR; };
		84E22150187E4D3200751D57 /* Foundation.framework */ = {isa = PBXFileReference; lastKnownFileType = wrapper.framework; name = Foundation.framework; path = System/Library/Frameworks/Foundation.framework; sourceTree = SDKROOT; };
		84E22152187E4D3200751D57 /* CoreGraphics.framework */ = {isa = PBXFileReference; lastKnownFileType = wrapper.framework; name = CoreGraphics.framework; path = System/Library/Frameworks/CoreGraphics.framework; sourceTree = SDKROOT; };
		84E22154187E4D3200751D57 /* UIKit.framework */ = {isa = PBXFileReference; lastKnownFileType = wrapper.framework; name = UIKit.framework; path = System/Library/Frameworks/UIKit.framework; sourceTree = SDKROOT; };
		84E22158187E4D3200751D57 /* Slider Demo-Info.plist */ = {isa = PBXFileReference; lastKnownFileType = text.plist.xml; path = "Slider Demo-Info.plist"; sourceTree = "<group>"; };
		84E2215A187E4D3200751D57 /* en */ = {isa = PBXFileReference; lastKnownFileType = text.plist.strings; name = en; path = en.lproj/InfoPlist.strings; sourceTree = "<group>"; };
		84E2215C187E4D3200751D57 /* main.m */ = {isa = PBXFileReference; lastKnownFileType = sourcecode.c.objc; path = main.m; sourceTree = "<group>"; };
		84E2215E187E4D3200751D57 /* Slider Demo-Prefix.pch */ = {isa = PBXFileReference; lastKnownFileType = sourcecode.c.h; path = "Slider Demo-Prefix.pch"; sourceTree = "<group>"; };
		84E2215F187E4D3200751D57 /* MyAppDelegate.h */ = {isa = PBXFileReference; lastKnownFileType = sourcecode.c.h; path = MyAppDelegate.h; sourceTree = "<group>"; };
		84E22160187E4D3200751D57 /* MyAppDelegate.m */ = {isa = PBXFileReference; lastKnownFileType = sourcecode.c.objc; path = MyAppDelegate.m; sourceTree = "<group>"; };
		84E22163187E4D3200751D57 /* Base */ = {isa = PBXFileReference; lastKnownFileType = file.storyboard; name = Base; path = Base.lproj/Main.storyboard; sourceTree = "<group>"; };
		84E22165187E4D3200751D57 /* MyViewController.h */ = {isa = PBXFileReference; lastKnownFileType = sourcecode.c.h; path = MyViewController.h; sourceTree = "<group>"; };
		84E22166187E4D3200751D57 /* MyViewController.m */ = {isa = PBXFileReference; lastKnownFileType = sourcecode.c.objc; path = MyViewController.m; sourceTree = "<group>"; };
		84E22168187E4D3200751D57 /* Images.xcassets */ = {isa = PBXFileReference; lastKnownFileType = folder.assetcatalog; path = Images.xcassets; sourceTree = "<group>"; };
		84E2216E187E4D3200751D57 /* Slider DemoTests.xctest */ = {isa = PBXFileReference; explicitFileType = wrapper.cfbundle; includeInIndex = 0; path = "Slider DemoTests.xctest"; sourceTree = BUILT_PRODUCTS_DIR; };
		84E2216F187E4D3200751D57 /* XCTest.framework */ = {isa = PBXFileReference; lastKnownFileType = wrapper.framework; name = XCTest.framework; path = Library/Frameworks/XCTest.framework; sourceTree = DEVELOPER_DIR; };
		84E22177187E4D3200751D57 /* Slider DemoTests-Info.plist */ = {isa = PBXFileReference; lastKnownFileType = text.plist.xml; path = "Slider DemoTests-Info.plist"; sourceTree = "<group>"; };
		84E22179187E4D3200751D57 /* en */ = {isa = PBXFileReference; lastKnownFileType = text.plist.strings; name = en; path = en.lproj/InfoPlist.strings; sourceTree = "<group>"; };
		84E2217B187E4D3200751D57 /* Slider_DemoTests.m */ = {isa = PBXFileReference; lastKnownFileType = sourcecode.c.objc; path = Slider_DemoTests.m; sourceTree = "<group>"; };
/* End PBXFileReference section */

/* Begin PBXFrameworksBuildPhase section */
		84E2214A187E4D3200751D57 /* Frameworks */ = {
			isa = PBXFrameworksBuildPhase;
			buildActionMask = 2147483647;
			files = (
				84E22153187E4D3200751D57 /* CoreGraphics.framework in Frameworks */,
				84E22155187E4D3200751D57 /* UIKit.framework in Frameworks */,
				84E22151187E4D3200751D57 /* Foundation.framework in Frameworks */,
			);
			runOnlyForDeploymentPostprocessing = 0;
		};
		84E2216B187E4D3200751D57 /* Frameworks */ = {
			isa = PBXFrameworksBuildPhase;
			buildActionMask = 2147483647;
			files = (
				84E22170187E4D3200751D57 /* XCTest.framework in Frameworks */,
				84E22172187E4D3200751D57 /* UIKit.framework in Frameworks */,
				84E22171187E4D3200751D57 /* Foundation.framework in Frameworks */,
			);
			runOnlyForDeploymentPostprocessing = 0;
		};
/* End PBXFrameworksBuildPhase section */

/* Begin PBXGroup section */
		84E22144187E4D3200751D57 = {
			isa = PBXGroup;
			children = (
				84E22156187E4D3200751D57 /* Slider Demo */,
				84E22175187E4D3200751D57 /* Slider DemoTests */,
				84E2214F187E4D3200751D57 /* Frameworks */,
				84E2214E187E4D3200751D57 /* Products */,
			);
			sourceTree = "<group>";
		};
		84E2214E187E4D3200751D57 /* Products */ = {
			isa = PBXGroup;
			children = (
				84E2214D187E4D3200751D57 /* Slider Demo.app */,
				84E2216E187E4D3200751D57 /* Slider DemoTests.xctest */,
			);
			name = Products;
			sourceTree = "<group>";
		};
		84E2214F187E4D3200751D57 /* Frameworks */ = {
			isa = PBXGroup;
			children = (
				84E22150187E4D3200751D57 /* Foundation.framework */,
				84E22152187E4D3200751D57 /* CoreGraphics.framework */,
				84E22154187E4D3200751D57 /* UIKit.framework */,
				84E2216F187E4D3200751D57 /* XCTest.framework */,
			);
			name = Frameworks;
			sourceTree = "<group>";
		};
		84E22156187E4D3200751D57 /* Slider Demo */ = {
			isa = PBXGroup;
			children = (
				84E2215F187E4D3200751D57 /* MyAppDelegate.h */,
				84E22160187E4D3200751D57 /* MyAppDelegate.m */,
				84E22162187E4D3200751D57 /* Main.storyboard */,
				84E22165187E4D3200751D57 /* MyViewController.h */,
				84E22166187E4D3200751D57 /* MyViewController.m */,
				84E22168187E4D3200751D57 /* Images.xcassets */,
				84E22157187E4D3200751D57 /* Supporting Files */,
			);
			path = "Slider Demo";
			sourceTree = "<group>";
		};
		84E22157187E4D3200751D57 /* Supporting Files */ = {
			isa = PBXGroup;
			children = (
				84E22158187E4D3200751D57 /* Slider Demo-Info.plist */,
				84E22159187E4D3200751D57 /* InfoPlist.strings */,
				84E2215C187E4D3200751D57 /* main.m */,
				84E2215E187E4D3200751D57 /* Slider Demo-Prefix.pch */,
			);
			name = "Supporting Files";
			sourceTree = "<group>";
		};
		84E22175187E4D3200751D57 /* Slider DemoTests */ = {
			isa = PBXGroup;
			children = (
				84E2217B187E4D3200751D57 /* Slider_DemoTests.m */,
				84E22176187E4D3200751D57 /* Supporting Files */,
			);
			path = "Slider DemoTests";
			sourceTree = "<group>";
		};
		84E22176187E4D3200751D57 /* Supporting Files */ = {
			isa = PBXGroup;
			children = (
				84E22177187E4D3200751D57 /* Slider DemoTests-Info.plist */,
				84E22178187E4D3200751D57 /* InfoPlist.strings */,
			);
			name = "Supporting Files";
			sourceTree = "<group>";
		};
/* End PBXGroup section */

/* Begin PBXNativeTarget section */
		84E2214C187E4D3200751D57 /* Slider Demo */ = {
			isa = PBXNativeTarget;
			buildConfigurationList = 84E2217F187E4D3200751D57 /* Build configuration list for PBXNativeTarget "Slider Demo" */;
			buildPhases = (
				84E22149187E4D3200751D57 /* Sources */,
				84E2214A187E4D3200751D57 /* Frameworks */,
				84E2214B187E4D3200751D57 /* Resources */,
			);
			buildRules = (
			);
			dependencies = (
			);
			name = "Slider Demo";
			productName = "Slider Demo";
			productReference = 84E2214D187E4D3200751D57 /* Slider Demo.app */;
			productType = "com.apple.product-type.application";
		};
		84E2216D187E4D3200751D57 /* Slider DemoTests */ = {
			isa = PBXNativeTarget;
			buildConfigurationList = 84E22182187E4D3200751D57 /* Build configuration list for PBXNativeTarget "Slider DemoTests" */;
			buildPhases = (
				84E2216A187E4D3200751D57 /* Sources */,
				84E2216B187E4D3200751D57 /* Frameworks */,
				84E2216C187E4D3200751D57 /* Resources */,
			);
			buildRules = (
			);
			dependencies = (
				84E22174187E4D3200751D57 /* PBXTargetDependency */,
			);
			name = "Slider DemoTests";
			productName = "Slider DemoTests";
			productReference = 84E2216E187E4D3200751D57 /* Slider DemoTests.xctest */;
			productType = "com.apple.product-type.bundle.unit-test";
		};
/* End PBXNativeTarget section */

/* Begin PBXProject section */
		84E22145187E4D3200751D57 /* Project object */ = {
			isa = PBXProject;
			attributes = {
				CLASSPREFIX = My;
				LastUpgradeCheck = 0500;
				ORGANIZATIONNAME = "Jordan Hudgens";
				TargetAttributes = {
					84E2216D187E4D3200751D57 = {
						TestTargetID = 84E2214C187E4D3200751D57;
					};
				};
			};
			buildConfigurationList = 84E22148187E4D3200751D57 /* Build configuration list for PBXProject "Slider Demo" */;
			compatibilityVersion = "Xcode 3.2";
			developmentRegion = English;
			hasScannedForEncodings = 0;
			knownRegions = (
				en,
				Base,
			);
			mainGroup = 84E22144187E4D3200751D57;
			productRefGroup = 84E2214E187E4D3200751D57 /* Products */;
			projectDirPath = "";
			projectRoot = "";
			targets = (
				84E2214C187E4D3200751D57 /* Slider Demo */,
				84E2216D187E4D3200751D57 /* Slider DemoTests */,
			);
		};
/* End PBXProject section */

/* Begin PBXResourcesBuildPhase section */
		84E2214B187E4D3200751D57 /* Resources */ = {
			isa = PBXResourcesBuildPhase;
			buildActionMask = 2147483647;
			files = (
				84E22169187E4D3200751D57 /* Images.xcassets in Resources */,
				84E2215B187E4D3200751D57 /* InfoPlist.strings in Resources */,
				84E22164187E4D3200751D57 /* Main.storyboard in Resources */,
			);
			runOnlyForDeploymentPostprocessing = 0;
		};
		84E2216C187E4D3200751D57 /* Resources */ = {
			isa = PBXResourcesBuildPhase;
			buildActionMask = 2147483647;
			files = (
				84E2217A187E4D3200751D57 /* InfoPlist.strings in Resources */,
			);
			runOnlyForDeploymentPostprocessing = 0;
		};
/* End PBXResourcesBuildPhase section */

/* Begin PBXSourcesBuildPhase section */
		84E22149187E4D3200751D57 /* Sources */ = {
			isa = PBXSourcesBuildPhase;
			buildActionMask = 2147483647;
			files = (
				84E22167187E4D3200751D57 /* MyViewController.m in Sources */,
				84E22161187E4D3200751D57 /* MyAppDelegate.m in Sources */,
				84E2215D187E4D3200751D57 /* main.m in Sources */,
			);
			runOnlyForDeploymentPostprocessing = 0;
		};
		84E2216A187E4D3200751D57 /* Sources */ = {
			isa = PBXSourcesBuildPhase;
			buildActionMask = 2147483647;
			files = (
				84E2217C187E4D3200751D57 /* Slider_DemoTests.m in Sources */,
			);
			runOnlyForDeploymentPostprocessing = 0;
		};
/* End PBXSourcesBuildPhase section */

/* Begin PBXTargetDependency section */
		84E22174187E4D3200751D57 /* PBXTargetDependency */ = {
			isa = PBXTargetDependency;
			target = 84E2214C187E4D3200751D57 /* Slider Demo */;
			targetProxy = 84E22173187E4D3200751D57 /* PBXContainerItemProxy */;
		};
/* End PBXTargetDependency section */

/* Begin PBXVariantGroup section */
		84E22159187E4D3200751D57 /* InfoPlist.strings */ = {
			isa = PBXVariantGroup;
			children = (
				84E2215A187E4D3200751D57 /* en */,
			);
			name = InfoPlist.strings;
			sourceTree = "<group>";
		};
		84E22162187E4D3200751D57 /* Main.storyboard */ = {
			isa = PBXVariantGroup;
			children = (
				84E22163187E4D3200751D57 /* Base */,
			);
			name = Main.storyboard;
			sourceTree = "<group>";
		};
		84E22178187E4D3200751D57 /* InfoPlist.strings */ = {
			isa = PBXVariantGroup;
			children = (
				84E22179187E4D3200751D57 /* en */,
			);
			name = InfoPlist.strings;
			sourceTree = "<group>";
		};
/* End PBXVariantGroup section */

/* Begin XCBuildConfiguration section */
		84E2217D187E4D3200751D57 /* Debug */ = {
			isa = XCBuildConfiguration;
			buildSettings = {
				ALWAYS_SEARCH_USER_PATHS = NO;
				ARCHS = "$(ARCHS_STANDARD_INCLUDING_64_BIT)";
				CLANG_CXX_LANGUAGE_STANDARD = "gnu++0x";
				CLANG_CXX_LIBRARY = "libc++";
				CLANG_ENABLE_MODULES = YES;
				CLANG_ENABLE_OBJC_ARC = YES;
				CLANG_WARN_BOOL_CONVERSION = YES;
				CLANG_WARN_CONSTANT_CONVERSION = YES;
				CLANG_WARN_DIRECT_OBJC_ISA_USAGE = YES_ERROR;
				CLANG_WARN_EMPTY_BODY = YES;
				CLANG_WARN_ENUM_CONVERSION = YES;
				CLANG_WARN_INT_CONVERSION = YES;
				CLANG_WARN_OBJC_ROOT_CLASS = YES_ERROR;
				CLANG_WARN__DUPLICATE_METHOD_MATCH = YES;
				"CODE_SIGN_IDENTITY[sdk=iphoneos*]" = "iPhone Developer";
				COPY_PHASE_STRIP = NO;
				GCC_C_LANGUAGE_STANDARD = gnu99;
				GCC_DYNAMIC_NO_PIC = NO;
				GCC_OPTIMIZATION_LEVEL = 0;
				GCC_PREPROCESSOR_DEFINITIONS = (
					"DEBUG=1",
					"$(inherited)",
				);
				GCC_SYMBOLS_PRIVATE_EXTERN = NO;
				GCC_WARN_64_TO_32_BIT_CONVERSION = YES;
				GCC_WARN_ABOUT_RETURN_TYPE = YES_ERROR;
				GCC_WARN_UNDECLARED_SELECTOR = YES;
				GCC_WARN_UNINITIALIZED_AUTOS = YES;
				GCC_WARN_UNUSED_FUNCTION = YES;
				GCC_WARN_UNUSED_VARIABLE = YES;
				IPHONEOS_DEPLOYMENT_TARGET = 7.0;
				ONLY_ACTIVE_ARCH = YES;
				SDKROOT = iphoneos;
			};
			name = Debug;
		};
		84E2217E187E4D3200751D57 /* Release */ = {
			isa = XCBuildConfiguration;
			buildSettings = {
				ALWAYS_SEARCH_USER_PATHS = NO;
				ARCHS = "$(ARCHS_STANDARD_INCLUDING_64_BIT)";
				CLANG_CXX_LANGUAGE_STANDARD = "gnu++0x";
				CLANG_CXX_LIBRARY = "libc++";
				CLANG_ENABLE_MODULES = YES;
				CLANG_ENABLE_OBJC_ARC = YES;
				CLANG_WARN_BOOL_CONVERSION = YES;
				CLANG_WARN_CONSTANT_CONVERSION = YES;
				CLANG_WARN_DIRECT_OBJC_ISA_USAGE = YES_ERROR;
				CLANG_WARN_EMPTY_BODY = YES;
				CLANG_WARN_ENUM_CONVERSION = YES;
				CLANG_WARN_INT_CONVERSION = YES;
				CLANG_WARN_OBJC_ROOT_CLASS = YES_ERROR;
				CLANG_WARN__DUPLICATE_METHOD_MATCH = YES;
				"CODE_SIGN_IDENTITY[sdk=iphoneos*]" = "iPhone Developer";
				COPY_PHASE_STRIP = YES;
				ENABLE_NS_ASSERTIONS = NO;
				GCC_C_LANGUAGE_STANDARD = gnu99;
				GCC_WARN_64_TO_32_BIT_CONVERSION = YES;
				GCC_WARN_ABOUT_RETURN_TYPE = YES_ERROR;
				GCC_WARN_UNDECLARED_SELECTOR = YES;
				GCC_WARN_UNINITIALIZED_AUTOS = YES;
				GCC_WARN_UNUSED_FUNCTION = YES;
				GCC_WARN_UNUSED_VARIABLE = YES;
				IPHONEOS_DEPLOYMENT_TARGET = 7.0;
				SDKROOT = iphoneos;
				VALIDATE_PRODUCT = YES;
			};
			name = Release;
		};
		84E22180187E4D3200751D57 /* Debug */ = {
			isa = XCBuildConfiguration;
			buildSettings = {
				ASSETCATALOG_COMPILER_APPICON_NAME = AppIcon;
				ASSETCATALOG_COMPILER_LAUNCHIMAGE_NAME = LaunchImage;
				GCC_PRECOMPILE_PREFIX_HEADER = YES;
				GCC_PREFIX_HEADER = "Slider Demo/Slider Demo-Prefix.pch";
				INFOPLIST_FILE = "Slider Demo/Slider Demo-Info.plist";
				PRODUCT_NAME = "$(TARGET_NAME)";
				WRAPPER_EXTENSION = app;
			};
			name = Debug;
		};
		84E22181187E4D3200751D57 /* Release */ = {
			isa = XCBuildConfiguration;
			buildSettings = {
				ASSETCATALOG_COMPILER_APPICON_NAME = AppIcon;
				ASSETCATALOG_COMPILER_LAUNCHIMAGE_NAME = LaunchImage;
				GCC_PRECOMPILE_PREFIX_HEADER = YES;
				GCC_PREFIX_HEADER = "Slider Demo/Slider Demo-Prefix.pch";
				INFOPLIST_FILE = "Slider Demo/Slider Demo-Info.plist";
				PRODUCT_NAME = "$(TARGET_NAME)";
				WRAPPER_EXTENSION = app;
			};
			name = Release;
		};
		84E22183187E4D3200751D57 /* Debug */ = {
			isa = XCBuildConfiguration;
			buildSettings = {
				ARCHS = "$(ARCHS_STANDARD_INCLUDING_64_BIT)";
				BUNDLE_LOADER = "$(BUILT_PRODUCTS_DIR)/Slider Demo.app/Slider Demo";
				FRAMEWORK_SEARCH_PATHS = (
					"$(SDKROOT)/Developer/Library/Frameworks",
					"$(inherited)",
					"$(DEVELOPER_FRAMEWORKS_DIR)",
				);
				GCC_PRECOMPILE_PREFIX_HEADER = YES;
				GCC_PREFIX_HEADER = "Slider Demo/Slider Demo-Prefix.pch";
				GCC_PREPROCESSOR_DEFINITIONS = (
					"DEBUG=1",
					"$(inherited)",
				);
				INFOPLIST_FILE = "Slider DemoTests/Slider DemoTests-Info.plist";
				PRODUCT_NAME = "$(TARGET_NAME)";
				TEST_HOST = "$(BUNDLE_LOADER)";
				WRAPPER_EXTENSION = xctest;
			};
			name = Debug;
		};
		84E22184187E4D3200751D57 /* Release */ = {
			isa = XCBuildConfiguration;
			buildSettings = {
				ARCHS = "$(ARCHS_STANDARD_INCLUDING_64_BIT)";
				BUNDLE_LOADER = "$(BUILT_PRODUCTS_DIR)/Slider Demo.app/Slider Demo";
				FRAMEWORK_SEARCH_PATHS = (
					"$(SDKROOT)/Developer/Library/Frameworks",
					"$(inherited)",
					"$(DEVELOPER_FRAMEWORKS_DIR)",
				);
				GCC_PRECOMPILE_PREFIX_HEADER = YES;
				GCC_PREFIX_HEADER = "Slider Demo/Slider Demo-Prefix.pch";
				INFOPLIST_FILE = "Slider DemoTests/Slider DemoTests-Info.plist";
				PRODUCT_NAME = "$(TARGET_NAME)";
				TEST_HOST = "$(BUNDLE_LOADER)";
				WRAPPER_EXTENSION = xctest;
			};
			name = Release;
		};
/* End XCBuildConfiguration section */

/* Begin XCConfigurationList section */
		84E22148187E4D3200751D57 /* Build configuration list for PBXProject "Slider Demo" */ = {
			isa = XCConfigurationList;
			buildConfigurations = (
				84E2217D187E4D3200751D57 /* Debug */,
				84E2217E187E4D3200751D57 /* Release */,
			);
			defaultConfigurationIsVisible = 0;
			defaultConfigurationName = Release;
		};
		84E2217F187E4D3200751D57 /* Build configuration list for PBXNativeTarget "Slider Demo" */ = {
			isa = XCConfigurationList;
			buildConfigurations = (
				84E22180187E4D3200751D57 /* Debug */,
				84E22181187E4D3200751D57 /* Release */,
			);
			defaultConfigurationIsVisible = 0;
		};
		84E22182187E4D3200751D57 /* Build configuration list for PBXNativeTarget "Slider DemoTests" */ = {
			isa = XCConfigurationList;
			buildConfigurations = (
				84E22183187E4D3200751D57 /* Debug */,
				84E22184187E4D3200751D57 /* Release */,
			);
			defaultConfigurationIsVisible = 0;
		};
/* End XCConfigurationList section */
	};
	rootObject = 84E22145187E4D3200751D57 /* Project object */;
}
